%{"base58": {:git, "https://github.com/cancoin/erl-base58.git", "dd22cf9fa475befb8258f4cf67d77484c0d7fd37", []},
  "bbmustache": {:hex, :bbmustache, "1.0.4", "7ba94f971c5afd7b6617918a4bb74705e36cab36eb84b19b6a1b7ee06427aa38", [:rebar], []},
  "cf": {:hex, :cf, "0.2.1", "69d0b1349fd4d7d4dc55b7f407d29d7a840bf9a1ef5af529f1ebe0ce153fc2ab", [:rebar3], []},
  "cherly": {:git, "https://github.com/lastcanal/cherly.git", "0b417ff7e7fb87319532b53cf6d247fecf98b6f0", [branch: "develop"]},
  "conform": {:hex, :conform, "0.17.0"},
  "cowboy": {:git, "https://github.com/ninenines/cowboy.git", "dbb636034f20736e16eb9d6c809217c9525b6cbd", [ref: "2.0.0-pre.3"]},
  "cowlib": {:git, "https://github.com/ninenines/cowlib.git", "8cf98c9f3d1292c1b08fca5ca99772ae912eaa86", [ref: "master"]},
  "czmq": {:git, "https://github.com/gar1t/erlang-czmq.git", "50605c06a63fd178affdbf620ed63f7ced56bc3d", []},
  "erlware_commons": {:hex, :erlware_commons, "0.21.0", "a04433071ad7d112edefc75ac77719dd3e6753e697ac09428fc83d7564b80b15", [:rebar3], [{:cf, "0.2.1", [hex: :cf, optional: false]}]},
  "exjsx": {:hex, :exjsx, "3.2.0", "7136cc739ace295fc74c378f33699e5145bead4fdc1b4799822d0287489136fb", [:mix], [{:jsx, "~> 2.6.2", [hex: :jsx, optional: false]}]},
  "exrm": {:hex, :exrm, "1.0.8", "5aa8990cdfe300282828b02cefdc339e235f7916388ce99f9a1f926a9271a45d", [:mix], [{:relx, "~> 3.5", [hex: :relx, optional: false]}]},
  "getopt": {:hex, :getopt, "0.8.2", "b17556db683000ba50370b16c0619df1337e7af7ecbf7d64fbf8d1d6bce3109b", [:rebar], []},
  "gproc": {:hex, :gproc, "0.5.0", "2df2d886f8f8a7b81a4b04aa17972b5965bbc5bf0100ea6d8e8ac6a0e7389afe", [:rebar], []},
  "gun": {:git, "https://github.com/ninenines/gun.git", "d88f3675dba9e066ef339789d8c223358f744aac", [ref: "master"]},
  "inflex": {:hex, :inflex, "1.5.0", "e4ff5d900280b2011b24d1ac1c4590986ee5add2ea644c9894e72213cf93ff0b", [:mix], []},
  "jsx": {:hex, :jsx, "2.6.2", "213721e058da0587a4bce3cc8a00ff6684ced229c8f9223245c6ff2c88fbaa5a", [:mix, :rebar], []},
  "libbitcoin": {:git, "https://github.com/cancoin/libbitcoin-nif.git", "4917cc5601bf2aec1fb688dff3a9451df745e40d", []},
  "libbitcoin_client": {:git, "https://github.com/cancoin/elixir-libbitcoin-client.git", "7349288d5c01f0752f92da070d76e58b21975912", []},
  "neotoma": {:hex, :neotoma, "1.7.3"},
  "providers": {:hex, :providers, "1.6.0", "db0e2f9043ae60c0155205fcd238d68516331d0e5146155e33d1e79dc452964a", [:rebar3], [{:getopt, "0.8.2", [hex: :getopt, optional: false]}]},
  "ranch": {:hex, :ranch, "1.1.0", "f7ed6d97db8c2a27cca85cacbd543558001fc5a355e93a7bff1e9a9065a8545b", [:make], []},
  "relx": {:hex, :relx, "3.21.0", "91e1ea9f09b4edfda8461901f4b5c5e0226e43ec161e147eeab29f7761df6eb5", [:rebar3], [{:bbmustache, "1.0.4", [hex: :bbmustache, optional: false]}, {:cf, "0.2.1", [hex: :cf, optional: false]}, {:erlware_commons, "0.21.0", [hex: :erlware_commons, optional: false]}, {:getopt, "0.8.2", [hex: :getopt, optional: false]}, {:providers, "1.6.0", [hex: :providers, optional: false]}]}}
