%{"base58": {:git, "https://github.com/cancoin/erl-base58.git", "dd22cf9fa475befb8258f4cf67d77484c0d7fd37", []},
  "bbmustache": {:hex, :bbmustache, "1.0.4"},
  "cf": {:hex, :cf, "0.2.1"},
  "conform": {:hex, :conform, "0.17.0"},
  "cowboy": {:git, "https://github.com/ninenines/cowboy.git", "dbb636034f20736e16eb9d6c809217c9525b6cbd", [ref: "2.0.0-pre.3"]},
  "cowlib": {:git, "https://github.com/ninenines/cowlib.git", "8cf98c9f3d1292c1b08fca5ca99772ae912eaa86", [ref: "master"]},
  "czmq": {:git, "https://github.com/gar1t/erlang-czmq.git", "50605c06a63fd178affdbf620ed63f7ced56bc3d", []},
  "erlware_commons": {:hex, :erlware_commons, "0.21.0"},
  "exjsx": {:hex, :exjsx, "3.2.0"},
  "exrm": {:hex, :exrm, "1.0.8"},
  "getopt": {:hex, :getopt, "0.8.2"},
  "gproc": {:hex, :gproc, "0.5.0"},
  "gun": {:git, "https://github.com/ninenines/gun.git", "d88f3675dba9e066ef339789d8c223358f744aac", [ref: "master"]},
  "inflex": {:hex, :inflex, "1.5.0"},
  "jsx": {:hex, :jsx, "2.6.2"},
  "libbitcoin": {:git, "https://github.com/cancoin/libbitcoin-nif.git", "51123691ffa3ec19b6bcdb4f0edc311bb01dda0a", []},
  "libbitcoin_client": {:git, "https://github.com/cancoin/elixir-libbitcoin-client.git", "7349288d5c01f0752f92da070d76e58b21975912", []},
  "neotoma": {:hex, :neotoma, "1.7.3"},
  "providers": {:hex, :providers, "1.6.0"},
  "ranch": {:hex, :ranch, "1.1.0"},
  "relx": {:hex, :relx, "3.21.0"}}
